
Microsoft Visual Studio Solution File, Format Version 12.00
Project("{FAE04EC0-301F-11D3-BF4B-00C04F79EFBC}") = "BankAccount", "BankAccount\BankAccount.csproj", "{09AAE46D-2A05-4D37-B94C-A828F995FF09}"
EndProject
Global
	GlobalSection(SolutionConfigurationPlatforms) = preSolution
		Debug|Any CPU = Debug|Any CPU
		Release|Any CPU = Release|Any CPU
	EndGlobalSection
	GlobalSection(ProjectConfigurationPlatforms) = postSolution
		{09AAE46D-2A05-4D37-B94C-A828F995FF09}.Debug|Any CPU.ActiveCfg = Debug|Any CPU
		{09AAE46D-2A05-4D37-B94C-A828F995FF09}.Debug|Any CPU.Build.0 = Debug|Any CPU
		{09AAE46D-2A05-4D37-B94C-A828F995FF09}.Release|Any CPU.ActiveCfg = Release|Any CPU
		{09AAE46D-2A05-4D37-B94C-A828F995FF09}.Release|Any CPU.Build.0 = Release|Any CPU
	EndGlobalSection
EndGlobal
